
Microsoft Visual Studio Solution File, Format Version 12.00
# Visual Studio Version 16
VisualStudioVersion = 16.0.29519.87
MinimumVisualStudioVersion = 10.0.40219.1
Project("{FAE04EC0-301F-11D3-BF4B-00C04F79EFBC}") = "Campus.Lib", "Campus.Lib\Campus.Lib.csproj", "{248FDA88-8040-49E6-BB7C-657BCCBECDA9}"
EndProject
Project("{FAE04EC0-301F-11D3-BF4B-00C04F79EFBC}") = "Campus.Lib.ReportViewForMvc", "Campus.Lib.ReportViewForMvc\Campus.Lib.ReportViewForMvc.csproj", "{BE891039-E6AF-4763-B9CF-905CCCC4DDC9}"
EndProject
Global
	GlobalSection(SolutionConfigurationPlatforms) = preSolution
		Debug|Any CPU = Debug|Any CPU
		Release|Any CPU = Release|Any CPU
	EndGlobalSection
	GlobalSection(ProjectConfigurationPlatforms) = postSolution
		{248FDA88-8040-49E6-BB7C-657BCCBECDA9}.Debug|Any CPU.ActiveCfg = Debug|Any CPU
		{248FDA88-8040-49E6-BB7C-657BCCBECDA9}.Debug|Any CPU.Build.0 = Debug|Any CPU
		{248FDA88-8040-49E6-BB7C-657BCCBECDA9}.Release|Any CPU.ActiveCfg = Release|Any CPU
		{248FDA88-8040-49E6-BB7C-657BCCBECDA9}.Release|Any CPU.Build.0 = Release|Any CPU
		{BE891039-E6AF-4763-B9CF-905CCCC4DDC9}.Debug|Any CPU.ActiveCfg = Debug|Any CPU
		{BE891039-E6AF-4763-B9CF-905CCCC4DDC9}.Debug|Any CPU.Build.0 = Debug|Any CPU
		{BE891039-E6AF-4763-B9CF-905CCCC4DDC9}.Release|Any CPU.ActiveCfg = Release|Any CPU
		{BE891039-E6AF-4763-B9CF-905CCCC4DDC9}.Release|Any CPU.Build.0 = Release|Any CPU
	EndGlobalSection
	GlobalSection(SolutionProperties) = preSolution
		HideSolutionNode = FALSE
	EndGlobalSection
	GlobalSection(ExtensibilityGlobals) = postSolution
		SolutionGuid = {1B471B45-08E3-4FEA-8CF4-E662562A53F8}
	EndGlobalSection
EndGlobal
